{
  "requires": true,
  "lockfileVersion": 1,
  "dependencies": {
    "react-native-vconsole": {
      "version": "0.0.1",
      "resolved": "https://registry.npm.taobao.org/react-native-vconsole/download/react-native-vconsole-0.0.1.tgz",
      "integrity": "sha1-22cKRfn9ylB07A52BCz0VE2cwtQ="
    }
  }
}
